{
    "_readme": [
        "This file locks the dependencies of your project to a known state",
        "Read more about it at https://getcomposer.org/doc/01-basic-usage.md#installing-dependencies",
        "This file is @generated automatically"
    ],
    "content-hash": "619c878ef8ab5f79a4c2ec3f68256260",
    "packages": [
        {
            "name": "digitickets/lalit",
            "version": "3.1.0",
            "source": {
                "type": "git",
                "url": "https://github.com/digitickets/lalit.git",
                "reference": "b8588ce8c1c744929b52f10c8b752fc27952fde8"
            },
            "dist": {
                "type": "zip",
                "url": "https://api.github.com/repos/digitickets/lalit/zipball/b8588ce8c1c744929b52f10c8b752fc27952fde8",
                "reference": "b8588ce8c1c744929b52f10c8b752fc27952fde8",
                "shasum": ""
            },
            "require": {
                "ext-dom": "*",
                "php": ">=7"
            },
            "require-dev": {
                "mockery/mockery": "^0",
                "phpunit/phpunit": "^6"
            },
            "type": "library",
            "autoload": {
                "psr-4": {
                    "LaLit\\": "src"
                }
            },
            "notification-url": "https://packagist.org/downloads/",
            "license": [
                "Apache License 2.0"
            ],
            "authors": [
                {
                    "name": "Lalit Patel",
                    "role": "Lead Developer"
                },
                {
                    "name": "Richard Quadling",
                    "role": "Developer"
                }
            ],
            "description": "GitHub copy of LaLit's XML2Array and Array2XML",
            "homepage": "http://www.lalit.org/lab",
            "keywords": [
                "array",
                "xml"
            ],
            "time": "2019-02-01T14:36:07+00:00"
        },
        {
            "name": "yahnis-elsts/plugin-update-checker",
            "version": "v4.10",
            "source": {
                "type": "git",
                "url": "https://github.com/YahnisElsts/plugin-update-checker.git",
                "reference": "0edd15f67822464af8a23285ce367b30d515a855"
            },
            "dist": {
                "type": "zip",
                "url": "https://api.github.com/repos/YahnisElsts/plugin-update-checker/zipball/0edd15f67822464af8a23285ce367b30d515a855",
                "reference": "0edd15f67822464af8a23285ce367b30d515a855",
                "shasum": ""
            },
            "require": {
                "ext-json": "*",
                "php": ">=5.2.0"
            },
            "type": "library",
            "autoload": {
                "files": [
                    "load-v4p10.php"
                ]
            },
            "notification-url": "https://packagist.org/downloads/",
            "license": [
                "MIT"
            ],
            "authors": [
                {
                    "name": "Yahnis Elsts",
                    "email": "whiteshadow@w-shadow.com",
                    "homepage": "http://w-shadow.com/",
                    "role": "Developer"
                }
            ],
            "description": "A custom update checker for WordPress plugins and themes. Useful if you can't host your plugin in the official WP repository but still want it to support automatic updates.",
            "homepage": "https://github.com/YahnisElsts/plugin-update-checker/",
            "keywords": [
                "automatic updates",
                "plugin updates",
                "theme updates",
                "wordpress"
            ],
            "time": "2020-08-21T11:36:45+00:00"
        }
    ],
    "packages-dev": [],
    "aliases": [],
    "minimum-stability": "stable",
    "stability-flags": [],
    "prefer-stable": false,
    "prefer-lowest": false,
    "platform": [],
    "platform-dev": []
}
